dependencies:
- name: cassandra
  repository: https://charts.helm.sh/incubator
  version: 0.14.3
- name: prometheus
  repository: https://prometheus-community.github.io/helm-charts
  version: 25.22.0
- name: elasticsearch
  repository: https://helm.elastic.co
  version: 8.5.1
- name: grafana
  repository: https://grafana.github.io/helm-charts
  version: 8.0.2
digest: sha256:2c43c700840dd5ce567fc14af52823c72d4a6f40e52c8d369b595eee3370a6ca
generated: "2025-09-04T19:47:54.013545188Z"
