dependencies:
- name: cassandra
  repository: oci://registry-1.docker.io/bitnamicharts
  version: 12.3.0
- name: prometheus
  repository: https://prometheus-community.github.io/helm-charts
  version: 25.22.0
- name: elasticsearch
  repository: https://helm.elastic.co
  version: 7.17.3
- name: grafana
  repository: https://grafana.github.io/helm-charts
  version: 8.0.2
digest: sha256:2a2fa96aa0855b55daadf71ed68dd34d2ab2078a7872880f23e919cf04893e05
generated: "2025-04-09T12:31:51.577056+01:00"
